
Microsoft Visual Studio Solution File, Format Version 12.00
Project("{2150E333-8FDC-42A3-9474-1A3956D46DE8}") = "Src", "Src", "{1996D26D-D041-4CCD-BBAA-7D06C0E518ED}"
EndProject
Project("{2150E333-8FDC-42A3-9474-1A3956D46DE8}") = "Common", "Common", "{3FF1BE51-745C-4F23-AC47-F42DDA14381B}"
EndProject
Project("{2150E333-8FDC-42A3-9474-1A3956D46DE8}") = "Core", "Core", "{69EF0EE8-405F-493E-A5EC-6103314C6E7D}"
EndProject
Project("{2150E333-8FDC-42A3-9474-1A3956D46DE8}") = "Infrastructure", "Infrastructure", "{3BE8333B-B405-4AAF-89EB-28A95FA45111}"
EndProject
Project("{2150E333-8FDC-42A3-9474-1A3956D46DE8}") = "Presentation", "Presentation", "{19589B6C-39AA-4AA5-93CE-0A56BCC7EAF6}"
EndProject
Project("{FAE04EC0-301F-11D3-BF4B-00C04F79EFBC}") = "Application", "Application\Application.csproj", "{FE785FC2-89A1-4882-82B5-CFA944CEA0B4}"
EndProject
Project("{FAE04EC0-301F-11D3-BF4B-00C04F79EFBC}") = "Domain", "Domain\Domain.csproj", "{B9101EA4-A662-42B8-965D-EF1BB560D174}"
EndProject
Project("{FAE04EC0-301F-11D3-BF4B-00C04F79EFBC}") = "Persistence", "Persistence\Persistence.csproj", "{2D5E1024-B4B4-4854-907F-EE85D0F9C209}"
EndProject
Project("{FAE04EC0-301F-11D3-BF4B-00C04F79EFBC}") = "WebAPI", "WebAPI\WebAPI.csproj", "{60CB5DE2-A5BA-4924-911F-0FFA5375D1F2}"
EndProject
Global
	GlobalSection(SolutionConfigurationPlatforms) = preSolution
		Debug|Any CPU = Debug|Any CPU
		Release|Any CPU = Release|Any CPU
	EndGlobalSection
	GlobalSection(ProjectConfigurationPlatforms) = postSolution
		{FE785FC2-89A1-4882-82B5-CFA944CEA0B4}.Debug|Any CPU.ActiveCfg = Debug|Any CPU
		{FE785FC2-89A1-4882-82B5-CFA944CEA0B4}.Debug|Any CPU.Build.0 = Debug|Any CPU
		{FE785FC2-89A1-4882-82B5-CFA944CEA0B4}.Release|Any CPU.ActiveCfg = Release|Any CPU
		{FE785FC2-89A1-4882-82B5-CFA944CEA0B4}.Release|Any CPU.Build.0 = Release|Any CPU
		{B9101EA4-A662-42B8-965D-EF1BB560D174}.Debug|Any CPU.ActiveCfg = Debug|Any CPU
		{B9101EA4-A662-42B8-965D-EF1BB560D174}.Debug|Any CPU.Build.0 = Debug|Any CPU
		{B9101EA4-A662-42B8-965D-EF1BB560D174}.Release|Any CPU.ActiveCfg = Release|Any CPU
		{B9101EA4-A662-42B8-965D-EF1BB560D174}.Release|Any CPU.Build.0 = Release|Any CPU
		{2D5E1024-B4B4-4854-907F-EE85D0F9C209}.Debug|Any CPU.ActiveCfg = Debug|Any CPU
		{2D5E1024-B4B4-4854-907F-EE85D0F9C209}.Debug|Any CPU.Build.0 = Debug|Any CPU
		{2D5E1024-B4B4-4854-907F-EE85D0F9C209}.Release|Any CPU.ActiveCfg = Release|Any CPU
		{2D5E1024-B4B4-4854-907F-EE85D0F9C209}.Release|Any CPU.Build.0 = Release|Any CPU
		{60CB5DE2-A5BA-4924-911F-0FFA5375D1F2}.Debug|Any CPU.ActiveCfg = Debug|Any CPU
		{60CB5DE2-A5BA-4924-911F-0FFA5375D1F2}.Debug|Any CPU.Build.0 = Debug|Any CPU
		{60CB5DE2-A5BA-4924-911F-0FFA5375D1F2}.Release|Any CPU.ActiveCfg = Release|Any CPU
		{60CB5DE2-A5BA-4924-911F-0FFA5375D1F2}.Release|Any CPU.Build.0 = Release|Any CPU
	EndGlobalSection
	GlobalSection(NestedProjects) = preSolution
		{3FF1BE51-745C-4F23-AC47-F42DDA14381B} = {1996D26D-D041-4CCD-BBAA-7D06C0E518ED}
		{69EF0EE8-405F-493E-A5EC-6103314C6E7D} = {1996D26D-D041-4CCD-BBAA-7D06C0E518ED}
		{3BE8333B-B405-4AAF-89EB-28A95FA45111} = {1996D26D-D041-4CCD-BBAA-7D06C0E518ED}
		{19589B6C-39AA-4AA5-93CE-0A56BCC7EAF6} = {1996D26D-D041-4CCD-BBAA-7D06C0E518ED}
		{FE785FC2-89A1-4882-82B5-CFA944CEA0B4} = {69EF0EE8-405F-493E-A5EC-6103314C6E7D}
		{B9101EA4-A662-42B8-965D-EF1BB560D174} = {69EF0EE8-405F-493E-A5EC-6103314C6E7D}
		{2D5E1024-B4B4-4854-907F-EE85D0F9C209} = {3BE8333B-B405-4AAF-89EB-28A95FA45111}
		{60CB5DE2-A5BA-4924-911F-0FFA5375D1F2} = {19589B6C-39AA-4AA5-93CE-0A56BCC7EAF6}
	EndGlobalSection
EndGlobal
